
Microsoft Visual Studio Solution File, Format Version 12.00
# Visual Studio 15
VisualStudioVersion = 15.0.28307.960
MinimumVisualStudioVersion = 10.0.40219.1
Project("{FAE04EC0-301F-11D3-BF4B-00C04F79EFBC}") = "Tesseract-OCR", "Tesseract-OCR\Tesseract-OCR.csproj", "{C6DC6A29-F9A2-41C0-8D10-6FEBA29A433B}"
EndProject
Global
	GlobalSection(SolutionConfigurationPlatforms) = preSolution
		Debug|Any CPU = Debug|Any CPU
		Release|Any CPU = Release|Any CPU
	EndGlobalSection
	GlobalSection(ProjectConfigurationPlatforms) = postSolution
		{C6DC6A29-F9A2-41C0-8D10-6FEBA29A433B}.Debug|Any CPU.ActiveCfg = Debug|Any CPU
		{C6DC6A29-F9A2-41C0-8D10-6FEBA29A433B}.Debug|Any CPU.Build.0 = Debug|Any CPU
		{C6DC6A29-F9A2-41C0-8D10-6FEBA29A433B}.Release|Any CPU.ActiveCfg = Release|Any CPU
		{C6DC6A29-F9A2-41C0-8D10-6FEBA29A433B}.Release|Any CPU.Build.0 = Release|Any CPU
	EndGlobalSection
	GlobalSection(SolutionProperties) = preSolution
		HideSolutionNode = FALSE
	EndGlobalSection
	GlobalSection(ExtensibilityGlobals) = postSolution
		SolutionGuid = {005139E1-B68E-424A-99EB-5A8C863FF8C7}
	EndGlobalSection
EndGlobal
